PODS:
  - advanced_in_app_review (0.0.1):
    - Flutter
  - audio_service (0.0.1):
    - Flutter
  - audio_session (0.0.1):
    - Flutter
  - awesome_notifications (0.9.3):
    - Flutter
    - IosAwnCore (~> 0.9.3)
  - connectivity_plus (0.0.1):
    - Flutter
    - ReachabilitySwift
  - device_info_plus (0.0.1):
    - Flutter
  - DKImagePickerController/Core (4.3.4):
    - DKImagePickerController/ImageDataManager
    - DKImagePickerController/Resource
  - DKImagePickerController/ImageDataManager (4.3.4)
  - DKImagePickerController/PhotoGallery (4.3.4):
    - DKImagePickerController/Core
    - DKPhotoGallery
  - DKImagePickerController/Resource (4.3.4)
  - DKPhotoGallery (0.0.17):
    - DKPhotoGallery/Core (= 0.0.17)
    - DKPhotoGallery/Model (= 0.0.17)
    - DKPhotoGallery/Preview (= 0.0.17)
    - DKPhotoGallery/Resource (= 0.0.17)
    - SDWebImage
    - SwiftyGif
  - DKPhotoGallery/Core (0.0.17):
    - DKPhotoGallery/Model
    - DKPhotoGallery/Preview
    - SDWebImage
    - SwiftyGif
  - DKPhotoGallery/Model (0.0.17):
    - SDWebImage
    - SwiftyGif
  - DKPhotoGallery/Preview (0.0.17):
    - DKPhotoGallery/Model
    - DKPhotoGallery/Resource
    - SDWebImage
    - SwiftyGif
  - DKPhotoGallery/Resource (0.0.17):
    - SDWebImage
    - SwiftyGif
  - ffmpeg-kit-ios-https (6.0)
  - ffmpeg_kit_flutter (6.0.3):
    - ffmpeg_kit_flutter/https (= 6.0.3)
    - Flutter
  - ffmpeg_kit_flutter/https (6.0.3):
    - ffmpeg-kit-ios-https (= 6.0)
    - Flutter
  - file_picker (0.0.1):
    - DKImagePickerController/PhotoGallery
    - Flutter
  - Flutter (1.0.0)
  - flutter_audio_capture (1.1.4):
    - Flutter
  - flutter_native_splash (0.0.1):
    - Flutter
  - flutter_volume_controller (0.0.1):
    - Flutter
  - FMDB (2.7.9):
    - FMDB/standard (= 2.7.9)
  - FMDB/standard (2.7.9)
  - Google-Mobile-Ads-SDK (11.2.0):
    - GoogleUserMessagingPlatform (>= 1.1)
  - google_mobile_ads (5.1.0):
    - Flutter
    - Google-Mobile-Ads-SDK (~> 11.2.0)
    - webview_flutter_wkwebview
  - GoogleUserMessagingPlatform (2.4.0)
  - in_app_purchase_storekit (0.0.1):
    - Flutter
    - FlutterMacOS
  - in_app_review (0.2.0):
    - Flutter
  - IosAwnCore (0.9.3)
  - just_audio (0.0.1):
    - Flutter
  - just_waveform (0.0.1):
    - Flutter
  - mic_stream (0.0.1):
    - Flutter
  - package_info_plus (0.4.5):
    - Flutter
  - path_provider_foundation (0.0.1):
    - Flutter
    - FlutterMacOS
  - permission_handler_apple (9.1.1):
    - Flutter
  - ReachabilitySwift (5.0.0)
  - SDWebImage (5.15.0):
    - SDWebImage/Core (= 5.15.0)
  - SDWebImage/Core (5.15.0)
  - shared_preferences_foundation (0.0.1):
    - Flutter
    - FlutterMacOS
  - soundpool (0.0.1):
    - Flutter
  - sqflite (0.0.3):
    - Flutter
    - FMDB (>= 2.7.5)
  - SwiftyGif (5.4.4)
  - url_launcher_ios (0.0.1):
    - Flutter
  - webview_flutter_wkwebview (0.0.1):
    - Flutter

DEPENDENCIES:
  - advanced_in_app_review (from `.symlinks/plugins/advanced_in_app_review/ios`)
  - audio_service (from `.symlinks/plugins/audio_service/ios`)
  - audio_session (from `.symlinks/plugins/audio_session/ios`)
  - awesome_notifications (from `.symlinks/plugins/awesome_notifications/ios`)
  - connectivity_plus (from `.symlinks/plugins/connectivity_plus/ios`)
  - device_info_plus (from `.symlinks/plugins/device_info_plus/ios`)
  - ffmpeg_kit_flutter (from `.symlinks/plugins/ffmpeg_kit_flutter/ios`)
  - file_picker (from `.symlinks/plugins/file_picker/ios`)
  - Flutter (from `Flutter`)
  - flutter_audio_capture (from `.symlinks/plugins/flutter_audio_capture/ios`)
  - flutter_native_splash (from `.symlinks/plugins/flutter_native_splash/ios`)
  - flutter_volume_controller (from `.symlinks/plugins/flutter_volume_controller/ios`)
  - Google-Mobile-Ads-SDK
  - google_mobile_ads (from `.symlinks/plugins/google_mobile_ads/ios`)
  - in_app_purchase_storekit (from `.symlinks/plugins/in_app_purchase_storekit/darwin`)
  - in_app_review (from `.symlinks/plugins/in_app_review/ios`)
  - just_audio (from `.symlinks/plugins/just_audio/ios`)
  - just_waveform (from `.symlinks/plugins/just_waveform/ios`)
  - mic_stream (from `.symlinks/plugins/mic_stream/ios`)
  - package_info_plus (from `.symlinks/plugins/package_info_plus/ios`)
  - path_provider_foundation (from `.symlinks/plugins/path_provider_foundation/darwin`)
  - permission_handler_apple (from `.symlinks/plugins/permission_handler_apple/ios`)
  - shared_preferences_foundation (from `.symlinks/plugins/shared_preferences_foundation/darwin`)
  - soundpool (from `.symlinks/plugins/soundpool/ios`)
  - sqflite (from `.symlinks/plugins/sqflite/ios`)
  - url_launcher_ios (from `.symlinks/plugins/url_launcher_ios/ios`)
  - webview_flutter_wkwebview (from `.symlinks/plugins/webview_flutter_wkwebview/ios`)

SPEC REPOS:
  trunk:
    - DKImagePickerController
    - DKPhotoGallery
    - ffmpeg-kit-ios-https
    - FMDB
    - Google-Mobile-Ads-SDK
    - GoogleUserMessagingPlatform
    - IosAwnCore
    - ReachabilitySwift
    - SDWebImage
    - SwiftyGif

EXTERNAL SOURCES:
  advanced_in_app_review:
    :path: ".symlinks/plugins/advanced_in_app_review/ios"
  audio_service:
    :path: ".symlinks/plugins/audio_service/ios"
  audio_session:
    :path: ".symlinks/plugins/audio_session/ios"
  awesome_notifications:
    :path: ".symlinks/plugins/awesome_notifications/ios"
  connectivity_plus:
    :path: ".symlinks/plugins/connectivity_plus/ios"
  device_info_plus:
    :path: ".symlinks/plugins/device_info_plus/ios"
  ffmpeg_kit_flutter:
    :path: ".symlinks/plugins/ffmpeg_kit_flutter/ios"
  file_picker:
    :path: ".symlinks/plugins/file_picker/ios"
  Flutter:
    :path: Flutter
  flutter_audio_capture:
    :path: ".symlinks/plugins/flutter_audio_capture/ios"
  flutter_native_splash:
    :path: ".symlinks/plugins/flutter_native_splash/ios"
  flutter_volume_controller:
    :path: ".symlinks/plugins/flutter_volume_controller/ios"
  google_mobile_ads:
    :path: ".symlinks/plugins/google_mobile_ads/ios"
  in_app_purchase_storekit:
    :path: ".symlinks/plugins/in_app_purchase_storekit/darwin"
  in_app_review:
    :path: ".symlinks/plugins/in_app_review/ios"
  just_audio:
    :path: ".symlinks/plugins/just_audio/ios"
  just_waveform:
    :path: ".symlinks/plugins/just_waveform/ios"
  mic_stream:
    :path: ".symlinks/plugins/mic_stream/ios"
  package_info_plus:
    :path: ".symlinks/plugins/package_info_plus/ios"
  path_provider_foundation:
    :path: ".symlinks/plugins/path_provider_foundation/darwin"
  permission_handler_apple:
    :path: ".symlinks/plugins/permission_handler_apple/ios"
  shared_preferences_foundation:
    :path: ".symlinks/plugins/shared_preferences_foundation/darwin"
  soundpool:
    :path: ".symlinks/plugins/soundpool/ios"
  sqflite:
    :path: ".symlinks/plugins/sqflite/ios"
  url_launcher_ios:
    :path: ".symlinks/plugins/url_launcher_ios/ios"
  webview_flutter_wkwebview:
    :path: ".symlinks/plugins/webview_flutter_wkwebview/ios"

SPEC CHECKSUMS:
  advanced_in_app_review: fe8fd50b8670cb3dbe67e4c26ca643f7aea8dbb8
  audio_service: f509d65da41b9521a61f1c404dd58651f265a567
  audio_session: 4f3e461722055d21515cf3261b64c973c062f345
  awesome_notifications: 66d28ab7174ca2823b04d275cb043e0a4a3eb9cf
  connectivity_plus: bf0076dd84a130856aa636df1c71ccaff908fa1d
  device_info_plus: 7545d84d8d1b896cb16a4ff98c19f07ec4b298ea
  DKImagePickerController: b512c28220a2b8ac7419f21c491fc8534b7601ac
  DKPhotoGallery: fdfad5125a9fdda9cc57df834d49df790dbb4179
  ffmpeg-kit-ios-https: f9c838aa5400a6c5ba12324c6b798f52197ba354
  ffmpeg_kit_flutter: b4ca70cac3fc1d8ac14cdc660754b60870358732
  file_picker: ce3938a0df3cc1ef404671531facef740d03f920
  Flutter: e0871f40cf51350855a761d2e70bf5af5b9b5de7
  flutter_audio_capture: 93ef890ac148f093d168c33258c3a161b8f5e04b
  flutter_native_splash: 52501b97d1c0a5f898d687f1646226c1f93c56ef
  flutter_volume_controller: e4d5832f08008180f76e30faf671ffd5a425e529
  FMDB: aa44149f6fb634b1ac54f64f47064bb0d0c5a032
  Google-Mobile-Ads-SDK: 5a6d005a6cb5b5e8f4c7b69ca05cdea79c181139
  google_mobile_ads: 9379c80fdfa9988fb0e105a407890ff8deb3cf86
  GoogleUserMessagingPlatform: f131fa7978d2ba88d7426702b057c2cc318e6595
  in_app_purchase_storekit: 8c3b0b3eb1b0f04efbff401c3de6266d4258d433
  in_app_review: 318597b3a06c22bb46dc454d56828c85f444f99d
  IosAwnCore: b8601fbb37f7b3560f31b84ebf55a72f65812e05
  just_audio: baa7252489dbcf47a4c7cc9ca663e9661c99aafa
  just_waveform: e03174d1eadf4b096b01715a3e3ccbf940a05d25
  mic_stream: 28787bfcfcfc68e17fad15050baf5929f1d10901
  package_info_plus: fd030dabf36271f146f1f3beacd48f564b0f17f7
  path_provider_foundation: 29f094ae23ebbca9d3d0cec13889cd9060c0e943
  permission_handler_apple: e76247795d700c14ea09e3a2d8855d41ee80a2e6
  ReachabilitySwift: 985039c6f7b23a1da463388634119492ff86c825
  SDWebImage: 9bec4c5cdd9579e1f57104735ee0c37df274d593
  shared_preferences_foundation: fcdcbc04712aee1108ac7fda236f363274528f78
  soundpool: c7f4422ca206e77f8900ed3c4ee6a6ff5a0e38a9
  sqflite: 31f7eba61e3074736dff8807a9b41581e4f7f15a
  SwiftyGif: 93a1cc87bf3a51916001cf8f3d63835fb64c819f
  url_launcher_ios: 5334b05cef931de560670eeae103fd3e431ac3fe
  webview_flutter_wkwebview: be0f0d33777f1bfd0c9fdcb594786704dbf65f36

PODFILE CHECKSUM: 82ca12f772a68272556ed10db6f3c00878e47c24

COCOAPODS: 1.14.3
